
Microsoft Visual Studio Solution File, Format Version 12.00
# Visual Studio Version 16
VisualStudioVersion = 16.0.31624.102
MinimumVisualStudioVersion = 10.0.40219.1
Project("{FAE04EC0-301F-11D3-BF4B-00C04F79EFBC}") = "Project5WebApp", "Project5WebApp.csproj", "{A34911F5-84E6-4443-8DED-4716B93C52A2}"
EndProject
Global
	GlobalSection(SolutionConfigurationPlatforms) = preSolution
		Debug|Any CPU = Debug|Any CPU
		Release|Any CPU = Release|Any CPU
	EndGlobalSection
	GlobalSection(ProjectConfigurationPlatforms) = postSolution
		{A34911F5-84E6-4443-8DED-4716B93C52A2}.Debug|Any CPU.ActiveCfg = Debug|Any CPU
		{A34911F5-84E6-4443-8DED-4716B93C52A2}.Debug|Any CPU.Build.0 = Debug|Any CPU
		{A34911F5-84E6-4443-8DED-4716B93C52A2}.Release|Any CPU.ActiveCfg = Release|Any CPU
		{A34911F5-84E6-4443-8DED-4716B93C52A2}.Release|Any CPU.Build.0 = Release|Any CPU
	EndGlobalSection
	GlobalSection(SolutionProperties) = preSolution
		HideSolutionNode = FALSE
	EndGlobalSection
	GlobalSection(ExtensibilityGlobals) = postSolution
		SolutionGuid = {58782CB4-D66A-4CBC-A653-BA6907989C80}
	EndGlobalSection
EndGlobal
